
Microsoft Visual Studio Solution File, Format Version 12.00
# Visual Studio Version 17
VisualStudioVersion = 17.13.35931.197 d17.13
MinimumVisualStudioVersion = 10.0.40219.1
Project("{8BC9CEB8-8B4A-11D0-8D11-00A0C91BC942}") = "MENU_PRUEBA", "MENU_PRUEBA\MENU_PRUEBA.vcxproj", "{3C86C792-B28B-4AD8-A492-ECF7D819DE4F}"
EndProject
Global
	GlobalSection(SolutionConfigurationPlatforms) = preSolution
		Debug|x64 = Debug|x64
		Debug|x86 = Debug|x86
		Release|x64 = Release|x64
		Release|x86 = Release|x86
	EndGlobalSection
	GlobalSection(ProjectConfigurationPlatforms) = postSolution
		{3C86C792-B28B-4AD8-A492-ECF7D819DE4F}.Debug|x64.ActiveCfg = Debug|x64
		{3C86C792-B28B-4AD8-A492-ECF7D819DE4F}.Debug|x64.Build.0 = Debug|x64
		{3C86C792-B28B-4AD8-A492-ECF7D819DE4F}.Debug|x86.ActiveCfg = Debug|Win32
		{3C86C792-B28B-4AD8-A492-ECF7D819DE4F}.Debug|x86.Build.0 = Debug|Win32
		{3C86C792-B28B-4AD8-A492-ECF7D819DE4F}.Release|x64.ActiveCfg = Release|x64
		{3C86C792-B28B-4AD8-A492-ECF7D819DE4F}.Release|x64.Build.0 = Release|x64
		{3C86C792-B28B-4AD8-A492-ECF7D819DE4F}.Release|x86.ActiveCfg = Release|Win32
		{3C86C792-B28B-4AD8-A492-ECF7D819DE4F}.Release|x86.Build.0 = Release|Win32
	EndGlobalSection
	GlobalSection(SolutionProperties) = preSolution
		HideSolutionNode = FALSE
	EndGlobalSection
	GlobalSection(ExtensibilityGlobals) = postSolution
		SolutionGuid = {37B02645-FDD5-4E63-9175-34D3672F175F}
	EndGlobalSection
EndGlobal
